{
  "version": 4,
  "terraform_version": "1.12.2",
  "serial": 2,
  "lineage": "f5ef92ab-4b1e-54ca-15dc-f07d0084bc8f",
  "outputs": {
    "generated_password": {
      "value": "Hi785+C=[",
      "type": "string",
      "sensitive": true
    }
  },
  "resources": [
    {
      "mode": "managed",
      "type": "random_password",
      "name": "mypwd",
      "provider": "provider[\"registry.terraform.io/hashicorp/random\"]",
      "instances": [
        {
          "schema_version": 3,
          "attributes": {
            "bcrypt_hash": "$2a$10$1X2Vq0LqA9wL7.hsXOBtoOl3FhViSKIIXBC67uu1bIEBIH.sOacVq",
            "id": "none",
            "keepers": null,
            "length": 9,
            "lower": true,
            "min_lower": 0,
            "min_numeric": 0,
            "min_special": 0,
            "min_upper": 0,
            "number": true,
            "numeric": true,
            "override_special": null,
            "result": "Hi785+C=[",
            "special": true,
            "upper": true
          },
          "sensitive_attributes": [
            [
              {
                "type": "get_attr",
                "value": "bcrypt_hash"
              }
            ],
            [
              {
                "type": "get_attr",
                "value": "result"
              }
            ]
          ],
          "identity_schema_version": 0
        }
      ]
    }
  ],
  "check_results": null
}
